
Microsoft Visual Studio Solution File, Format Version 12.00
# Visual Studio Version 17
VisualStudioVersion = 17.6.33815.320
MinimumVisualStudioVersion = 10.0.40219.1
Project("{FAE04EC0-301F-11D3-BF4B-00C04F79EFBC}") = "IamprogrammerPartII", "IamprogrammerPartII.csproj", "{4A5FD934-5AF0-43FD-9FE5-BA5DEE3C0EE1}"
EndProject
Global
	GlobalSection(SolutionConfigurationPlatforms) = preSolution
		Debug|Any CPU = Debug|Any CPU
		Release|Any CPU = Release|Any CPU
	EndGlobalSection
	GlobalSection(ProjectConfigurationPlatforms) = postSolution
		{4A5FD934-5AF0-43FD-9FE5-BA5DEE3C0EE1}.Debug|Any CPU.ActiveCfg = Debug|Any CPU
		{4A5FD934-5AF0-43FD-9FE5-BA5DEE3C0EE1}.Debug|Any CPU.Build.0 = Debug|Any CPU
		{4A5FD934-5AF0-43FD-9FE5-BA5DEE3C0EE1}.Release|Any CPU.ActiveCfg = Release|Any CPU
		{4A5FD934-5AF0-43FD-9FE5-BA5DEE3C0EE1}.Release|Any CPU.Build.0 = Release|Any CPU
	EndGlobalSection
	GlobalSection(SolutionProperties) = preSolution
		HideSolutionNode = FALSE
	EndGlobalSection
	GlobalSection(ExtensibilityGlobals) = postSolution
		SolutionGuid = {AB064E0C-A280-4C5E-B28A-2847CFB4719D}
	EndGlobalSection
EndGlobal
